
Microsoft Visual Studio Solution File, Format Version 12.00
# Visual Studio Version 17
VisualStudioVersion = 17.13.35828.75 d17.13
MinimumVisualStudioVersion = 10.0.40219.1
Project("{FAE04EC0-301F-11D3-BF4B-00C04F79EFBC}") = "ServerApp_Chat", "ServerApp_Chat\ServerApp_Chat.csproj", "{9C525382-1C91-4991-95E5-671FBFED3C2F}"
EndProject
Global
	GlobalSection(SolutionConfigurationPlatforms) = preSolution
		Debug|Any CPU = Debug|Any CPU
		Release|Any CPU = Release|Any CPU
	EndGlobalSection
	GlobalSection(ProjectConfigurationPlatforms) = postSolution
		{9C525382-1C91-4991-95E5-671FBFED3C2F}.Debug|Any CPU.ActiveCfg = Debug|Any CPU
		{9C525382-1C91-4991-95E5-671FBFED3C2F}.Debug|Any CPU.Build.0 = Debug|Any CPU
		{9C525382-1C91-4991-95E5-671FBFED3C2F}.Release|Any CPU.ActiveCfg = Release|Any CPU
		{9C525382-1C91-4991-95E5-671FBFED3C2F}.Release|Any CPU.Build.0 = Release|Any CPU
	EndGlobalSection
	GlobalSection(SolutionProperties) = preSolution
		HideSolutionNode = FALSE
	EndGlobalSection
	GlobalSection(ExtensibilityGlobals) = postSolution
		SolutionGuid = {D74A3AFA-86F5-42A7-B019-530E6F4DE2A6}
	EndGlobalSection
EndGlobal
